
Microsoft Visual Studio Solution File, Format Version 12.00
# Visual Studio Version 17
VisualStudioVersion = 17.10.34928.147
MinimumVisualStudioVersion = 10.0.40219.1
Project("{FAE04EC0-301F-11D3-BF4B-00C04F79EFBC}") = "IdilliaKP", "IdilliaKP\IdilliaKP.csproj", "{845B1BFC-D49D-4CEF-9CCB-27A7113DFFC9}"
EndProject
Global
	GlobalSection(SolutionConfigurationPlatforms) = preSolution
		Debug|Any CPU = Debug|Any CPU
		Release|Any CPU = Release|Any CPU
	EndGlobalSection
	GlobalSection(ProjectConfigurationPlatforms) = postSolution
		{845B1BFC-D49D-4CEF-9CCB-27A7113DFFC9}.Debug|Any CPU.ActiveCfg = Debug|Any CPU
		{845B1BFC-D49D-4CEF-9CCB-27A7113DFFC9}.Debug|Any CPU.Build.0 = Debug|Any CPU
		{845B1BFC-D49D-4CEF-9CCB-27A7113DFFC9}.Release|Any CPU.ActiveCfg = Release|Any CPU
		{845B1BFC-D49D-4CEF-9CCB-27A7113DFFC9}.Release|Any CPU.Build.0 = Release|Any CPU
	EndGlobalSection
	GlobalSection(SolutionProperties) = preSolution
		HideSolutionNode = FALSE
	EndGlobalSection
	GlobalSection(ExtensibilityGlobals) = postSolution
		SolutionGuid = {93CE9299-015A-45DB-AAD1-8BB746A7F695}
	EndGlobalSection
EndGlobal
